
Microsoft Visual Studio Solution File, Format Version 12.00
Project("{FAE04EC0-301F-11D3-BF4B-00C04F79EFBC}") = "Starstruck", "Starstruck\Starstruck.csproj", "{3AC1E875-FAE5-4B71-8F94-0E7C03C3FD8C}"
EndProject
Global
	GlobalSection(SolutionConfigurationPlatforms) = preSolution
		Debug|Any CPU = Debug|Any CPU
		Release|Any CPU = Release|Any CPU
	EndGlobalSection
	GlobalSection(ProjectConfigurationPlatforms) = postSolution
		{3AC1E875-FAE5-4B71-8F94-0E7C03C3FD8C}.Debug|Any CPU.ActiveCfg = Debug|Any CPU
		{3AC1E875-FAE5-4B71-8F94-0E7C03C3FD8C}.Debug|Any CPU.Build.0 = Debug|Any CPU
		{3AC1E875-FAE5-4B71-8F94-0E7C03C3FD8C}.Release|Any CPU.ActiveCfg = Release|Any CPU
		{3AC1E875-FAE5-4B71-8F94-0E7C03C3FD8C}.Release|Any CPU.Build.0 = Release|Any CPU
	EndGlobalSection
EndGlobal
